// !$*UTF8*$!
{
	archiveVersion = 1;
	classes = {
	};
	objectVersion = 48;
	objects = {

/* Begin PBXBuildFile section */
		4BD6CDC1209949D500249186 /* AppDelegate.swift in Sources */ = {isa = PBXBuildFile; fileRef = 4BD6CDC0209949D500249186 /* AppDelegate.swift */; };
		4BD6CDC3209949D500249186 /* ViewController.swift in Sources */ = {isa = PBXBuildFile; fileRef = 4BD6CDC2209949D500249186 /* ViewController.swift */; };
		4BD6CDC6209949D500249186 /* Main.storyboard in Resources */ = {isa = PBXBuildFile; fileRef = 4BD6CDC4209949D500249186 /* Main.storyboard */; };
		4BD6CDC8209949D500249186 /* Assets.xcassets in Resources */ = {isa = PBXBuildFile; fileRef = 4BD6CDC7209949D500249186 /* Assets.xcassets */; };
		4BD6CDCB209949D500249186 /* LaunchScreen.storyboard in Resources */ = {isa = PBXBuildFile; fileRef = 4BD6CDC9209949D500249186 /* LaunchScreen.storyboard */; };
		4BD6CDD6209949D500249186 /* Connect_FourTests.swift in Sources */ = {isa = PBXBuildFile; fileRef = 4BD6CDD5209949D500249186 /* Connect_FourTests.swift */; };
		4BD6CDE1209949D500249186 /* Connect_FourUITests.swift in Sources */ = {isa = PBXBuildFile; fileRef = 4BD6CDE0209949D500249186 /* Connect_FourUITests.swift */; };
/* End PBXBuildFile section */

/* Begin PBXContainerItemProxy section */
		4BD6CDD2209949D500249186 /* PBXContainerItemProxy */ = {
			isa = PBXContainerItemProxy;
			containerPortal = 4BD6CDB5209949D500249186 /* Project object */;
			proxyType = 1;
			remoteGlobalIDString = 4BD6CDBC209949D500249186;
			remoteInfo = "Connect Four";
		};
		4BD6CDDD209949D500249186 /* PBXContainerItemProxy */ = {
			isa = PBXContainerItemProxy;
			containerPortal = 4BD6CDB5209949D500249186 /* Project object */;
			proxyType = 1;
			remoteGlobalIDString = 4BD6CDBC209949D500249186;
			remoteInfo = "Connect Four";
		};
/* End PBXContainerItemProxy section */

/* Begin PBXFileReference section */
		4BD6CDBD209949D500249186 /* Connect Four.app */ = {isa = PBXFileReference; explicitFileType = wrapper.application; includeInIndex = 0; path = "Connect Four.app"; sourceTree = BUILT_PRODUCTS_DIR; };
		4BD6CDC0209949D500249186 /* AppDelegate.swift */ = {isa = PBXFileReference; lastKnownFileType = sourcecode.swift; path = AppDelegate.swift; sourceTree = "<group>"; };
		4BD6CDC2209949D500249186 /* ViewController.swift */ = {isa = PBXFileReference; lastKnownFileType = sourcecode.swift; path = ViewController.swift; sourceTree = "<group>"; };
		4BD6CDC5209949D500249186 /* Base */ = {isa = PBXFileReference; lastKnownFileType = file.storyboard; name = Base; path = Base.lproj/Main.storyboard; sourceTree = "<group>"; };
		4BD6CDC7209949D500249186 /* Assets.xcassets */ = {isa = PBXFileReference; lastKnownFileType = folder.assetcatalog; path = Assets.xcassets; sourceTree = "<group>"; };
		4BD6CDCA209949D500249186 /* Base */ = {isa = PBXFileReference; lastKnownFileType = file.storyboard; name = Base; path = Base.lproj/LaunchScreen.storyboard; sourceTree = "<group>"; };
		4BD6CDCC209949D500249186 /* Info.plist */ = {isa = PBXFileReference; lastKnownFileType = text.plist.xml; path = Info.plist; sourceTree = "<group>"; };
		4BD6CDD1209949D500249186 /* Connect FourTests.xctest */ = {isa = PBXFileReference; explicitFileType = wrapper.cfbundle; includeInIndex = 0; path = "Connect FourTests.xctest"; sourceTree = BUILT_PRODUCTS_DIR; };
		4BD6CDD5209949D500249186 /* Connect_FourTests.swift */ = {isa = PBXFileReference; lastKnownFileType = sourcecode.swift; path = Connect_FourTests.swift; sourceTree = "<group>"; };
		4BD6CDD7209949D500249186 /* Info.plist */ = {isa = PBXFileReference; lastKnownFileType = text.plist.xml; path = Info.plist; sourceTree = "<group>"; };
		4BD6CDDC209949D500249186 /* Connect FourUITests.xctest */ = {isa = PBXFileReference; explicitFileType = wrapper.cfbundle; includeInIndex = 0; path = "Connect FourUITests.xctest"; sourceTree = BUILT_PRODUCTS_DIR; };
		4BD6CDE0209949D500249186 /* Connect_FourUITests.swift */ = {isa = PBXFileReference; lastKnownFileType = sourcecode.swift; path = Connect_FourUITests.swift; sourceTree = "<group>"; };
		4BD6CDE2209949D500249186 /* Info.plist */ = {isa = PBXFileReference; lastKnownFileType = text.plist.xml; path = Info.plist; sourceTree = "<group>"; };
/* End PBXFileReference section */

/* Begin PBXFrameworksBuildPhase section */
		4BD6CDBA209949D500249186 /* Frameworks */ = {
			isa = PBXFrameworksBuildPhase;
			buildActionMask = 2147483647;
			files = (
			);
			runOnlyForDeploymentPostprocessing = 0;
		};
		4BD6CDCE209949D500249186 /* Frameworks */ = {
			isa = PBXFrameworksBuildPhase;
			buildActionMask = 2147483647;
			files = (
			);
			runOnlyForDeploymentPostprocessing = 0;
		};
		4BD6CDD9209949D500249186 /* Frameworks */ = {
			isa = PBXFrameworksBuildPhase;
			buildActionMask = 2147483647;
			files = (
			);
			runOnlyForDeploymentPostprocessing = 0;
		};
/* End PBXFrameworksBuildPhase section */

/* Begin PBXGroup section */
		4BD6CDB4209949D500249186 = {
			isa = PBXGroup;
			children = (
				4BD6CDBF209949D500249186 /* Connect Four */,
				4BD6CDD4209949D500249186 /* Connect FourTests */,
				4BD6CDDF209949D500249186 /* Connect FourUITests */,
				4BD6CDBE209949D500249186 /* Products */,
			);
			sourceTree = "<group>";
		};
		4BD6CDBE209949D500249186 /* Products */ = {
			isa = PBXGroup;
			children = (
				4BD6CDBD209949D500249186 /* Connect Four.app */,
				4BD6CDD1209949D500249186 /* Connect FourTests.xctest */,
				4BD6CDDC209949D500249186 /* Connect FourUITests.xctest */,
			);
			name = Products;
			sourceTree = "<group>";
		};
		4BD6CDBF209949D500249186 /* Connect Four */ = {
			isa = PBXGroup;
			children = (
				4BD6CDC0209949D500249186 /* AppDelegate.swift */,
				4BD6CDC2209949D500249186 /* ViewController.swift */,
				4BD6CDC4209949D500249186 /* Main.storyboard */,
				4BD6CDC7209949D500249186 /* Assets.xcassets */,
				4BD6CDC9209949D500249186 /* LaunchScreen.storyboard */,
				4BD6CDCC209949D500249186 /* Info.plist */,
			);
			path = "Connect Four";
			sourceTree = "<group>";
		};
		4BD6CDD4209949D500249186 /* Connect FourTests */ = {
			isa = PBXGroup;
			children = (
				4BD6CDD5209949D500249186 /* Connect_FourTests.swift */,
				4BD6CDD7209949D500249186 /* Info.plist */,
			);
			path = "Connect FourTests";
			sourceTree = "<group>";
		};
		4BD6CDDF209949D500249186 /* Connect FourUITests */ = {
			isa = PBXGroup;
			children = (
				4BD6CDE0209949D500249186 /* Connect_FourUITests.swift */,
				4BD6CDE2209949D500249186 /* Info.plist */,
			);
			path = "Connect FourUITests";
			sourceTree = "<group>";
		};
/* End PBXGroup section */

/* Begin PBXNativeTarget section */
		4BD6CDBC209949D500249186 /* Connect Four */ = {
			isa = PBXNativeTarget;
			buildConfigurationList = 4BD6CDE5209949D500249186 /* Build configuration list for PBXNativeTarget "Connect Four" */;
			buildPhases = (
				4BD6CDB9209949D500249186 /* Sources */,
				4BD6CDBA209949D500249186 /* Frameworks */,
				4BD6CDBB209949D500249186 /* Resources */,
			);
			buildRules = (
			);
			dependencies = (
			);
			name = "Connect Four";
			productName = "Connect Four";
			productReference = 4BD6CDBD209949D500249186 /* Connect Four.app */;
			productType = "com.apple.product-type.application";
		};
		4BD6CDD0209949D500249186 /* Connect FourTests */ = {
			isa = PBXNativeTarget;
			buildConfigurationList = 4BD6CDE8209949D500249186 /* Build configuration list for PBXNativeTarget "Connect FourTests" */;
			buildPhases = (
				4BD6CDCD209949D500249186 /* Sources */,
				4BD6CDCE209949D500249186 /* Frameworks */,
				4BD6CDCF209949D500249186 /* Resources */,
			);
			buildRules = (
			);
			dependencies = (
				4BD6CDD3209949D500249186 /* PBXTargetDependency */,
			);
			name = "Connect FourTests";
			productName = "Connect FourTests";
			productReference = 4BD6CDD1209949D500249186 /* Connect FourTests.xctest */;
			productType = "com.apple.product-type.bundle.unit-test";
		};
		4BD6CDDB209949D500249186 /* Connect FourUITests */ = {
			isa = PBXNativeTarget;
			buildConfigurationList = 4BD6CDEB209949D500249186 /* Build configuration list for PBXNativeTarget "Connect FourUITests" */;
			buildPhases = (
				4BD6CDD8209949D500249186 /* Sources */,
				4BD6CDD9209949D500249186 /* Frameworks */,
				4BD6CDDA209949D500249186 /* Resources */,
			);
			buildRules = (
			);
			dependencies = (
				4BD6CDDE209949D500249186 /* PBXTargetDependency */,
			);
			name = "Connect FourUITests";
			productName = "Connect FourUITests";
			productReference = 4BD6CDDC209949D500249186 /* Connect FourUITests.xctest */;
			productType = "com.apple.product-type.bundle.ui-testing";
		};
/* End PBXNativeTarget section */

/* Begin PBXProject section */
		4BD6CDB5209949D500249186 /* Project object */ = {
			isa = PBXProject;
			attributes = {
				LastSwiftUpdateCheck = 0920;
				LastUpgradeCheck = 0920;
				ORGANIZATIONNAME = "Michael Sullivan's Crappy Programs";
				TargetAttributes = {
					4BD6CDBC209949D500249186 = {
						CreatedOnToolsVersion = 9.2;
						ProvisioningStyle = Automatic;
					};
					4BD6CDD0209949D500249186 = {
						CreatedOnToolsVersion = 9.2;
						ProvisioningStyle = Automatic;
						TestTargetID = 4BD6CDBC209949D500249186;
					};
					4BD6CDDB209949D500249186 = {
						CreatedOnToolsVersion = 9.2;
						ProvisioningStyle = Automatic;
						TestTargetID = 4BD6CDBC209949D500249186;
					};
				};
			};
			buildConfigurationList = 4BD6CDB8209949D500249186 /* Build configuration list for PBXProject "Connect Four" */;
			compatibilityVersion = "Xcode 8.0";
			developmentRegion = en;
			hasScannedForEncodings = 0;
			knownRegions = (
				en,
				Base,
			);
			mainGroup = 4BD6CDB4209949D500249186;
			productRefGroup = 4BD6CDBE209949D500249186 /* Products */;
			projectDirPath = "";
			projectRoot = "";
			targets = (
				4BD6CDBC209949D500249186 /* Connect Four */,
				4BD6CDD0209949D500249186 /* Connect FourTests */,
				4BD6CDDB209949D500249186 /* Connect FourUITests */,
			);
		};
/* End PBXProject section */

/* Begin PBXResourcesBuildPhase section */
		4BD6CDBB209949D500249186 /* Resources */ = {
			isa = PBXResourcesBuildPhase;
			buildActionMask = 2147483647;
			files = (
				4BD6CDCB209949D500249186 /* LaunchScreen.storyboard in Resources */,
				4BD6CDC8209949D500249186 /* Assets.xcassets in Resources */,
				4BD6CDC6209949D500249186 /* Main.storyboard in Resources */,
			);
			runOnlyForDeploymentPostprocessing = 0;
		};
		4BD6CDCF209949D500249186 /* Resources */ = {
			isa = PBXResourcesBuildPhase;
			buildActionMask = 2147483647;
			files = (
			);
			runOnlyForDeploymentPostprocessing = 0;
		};
		4BD6CDDA209949D500249186 /* Resources */ = {
			isa = PBXResourcesBuildPhase;
			buildActionMask = 2147483647;
			files = (
			);
			runOnlyForDeploymentPostprocessing = 0;
		};
/* End PBXResourcesBuildPhase section */

/* Begin PBXSourcesBuildPhase section */
		4BD6CDB9209949D500249186 /* Sources */ = {
			isa = PBXSourcesBuildPhase;
			buildActionMask = 2147483647;
			files = (
				4BD6CDC3209949D500249186 /* ViewController.swift in Sources */,
				4BD6CDC1209949D500249186 /* AppDelegate.swift in Sources */,
			);
			runOnlyForDeploymentPostprocessing = 0;
		};
		4BD6CDCD209949D500249186 /* Sources */ = {
			isa = PBXSourcesBuildPhase;
			buildActionMask = 2147483647;
			files = (
				4BD6CDD6209949D500249186 /* Connect_FourTests.swift in Sources */,
			);
			runOnlyForDeploymentPostprocessing = 0;
		};
		4BD6CDD8209949D500249186 /* Sources */ = {
			isa = PBXSourcesBuildPhase;
			buildActionMask = 2147483647;
			files = (
				4BD6CDE1209949D500249186 /* Connect_FourUITests.swift in Sources */,
			);
			runOnlyForDeploymentPostprocessing = 0;
		};
/* End PBXSourcesBuildPhase section */

/* Begin PBXTargetDependency section */
		4BD6CDD3209949D500249186 /* PBXTargetDependency */ = {
			isa = PBXTargetDependency;
			target = 4BD6CDBC209949D500249186 /* Connect Four */;
			targetProxy = 4BD6CDD2209949D500249186 /* PBXContainerItemProxy */;
		};
		4BD6CDDE209949D500249186 /* PBXTargetDependency */ = {
			isa = PBXTargetDependency;
			target = 4BD6CDBC209949D500249186 /* Connect Four */;
			targetProxy = 4BD6CDDD209949D500249186 /* PBXContainerItemProxy */;
		};
/* End PBXTargetDependency section */

/* Begin PBXVariantGroup section */
		4BD6CDC4209949D500249186 /* Main.storyboard */ = {
			isa = PBXVariantGroup;
			children = (
				4BD6CDC5209949D500249186 /* Base */,
			);
			name = Main.storyboard;
			sourceTree = "<group>";
			usesTabs = 0;
		};
		4BD6CDC9209949D500249186 /* LaunchScreen.storyboard */ = {
			isa = PBXVariantGroup;
			children = (
				4BD6CDCA209949D500249186 /* Base */,
			);
			name = LaunchScreen.storyboard;
			sourceTree = "<group>";
		};
/* End PBXVariantGroup section */

/* Begin XCBuildConfiguration section */
		4BD6CDE3209949D500249186 /* Debug */ = {
			isa = XCBuildConfiguration;
			buildSettings = {
				ALWAYS_SEARCH_USER_PATHS = NO;
				CLANG_ANALYZER_NONNULL = YES;
				CLANG_ANALYZER_NUMBER_OBJECT_CONVERSION = YES_AGGRESSIVE;
				CLANG_CXX_LANGUAGE_STANDARD = "gnu++14";
				CLANG_CXX_LIBRARY = "libc++";
				CLANG_ENABLE_MODULES = YES;
				CLANG_ENABLE_OBJC_ARC = YES;
				CLANG_WARN_BLOCK_CAPTURE_AUTORELEASING = YES;
				CLANG_WARN_BOOL_CONVERSION = YES;
				CLANG_WARN_COMMA = YES;
				CLANG_WARN_CONSTANT_CONVERSION = YES;
				CLANG_WARN_DIRECT_OBJC_ISA_USAGE = YES_ERROR;
				CLANG_WARN_DOCUMENTATION_COMMENTS = YES;
				CLANG_WARN_EMPTY_BODY = YES;
				CLANG_WARN_ENUM_CONVERSION = YES;
				CLANG_WARN_INFINITE_RECURSION = YES;
				CLANG_WARN_INT_CONVERSION = YES;
				CLANG_WARN_NON_LITERAL_NULL_CONVERSION = YES;
				CLANG_WARN_OBJC_LITERAL_CONVERSION = YES;
				CLANG_WARN_OBJC_ROOT_CLASS = YES_ERROR;
				CLANG_WARN_RANGE_LOOP_ANALYSIS = YES;
				CLANG_WARN_STRICT_PROTOTYPES = YES;
				CLANG_WARN_SUSPICIOUS_MOVE = YES;
				CLANG_WARN_UNGUARDED_AVAILABILITY = YES_AGGRESSIVE;
				CLANG_WARN_UNREACHABLE_CODE = YES;
				CLANG_WARN__DUPLICATE_METHOD_MATCH = YES;
				CODE_SIGN_IDENTITY = "iPhone Developer";
				COPY_PHASE_STRIP = NO;
				DEBUG_INFORMATION_FORMAT = dwarf;
				ENABLE_STRICT_OBJC_MSGSEND = YES;
				ENABLE_TESTABILITY = YES;
				GCC_C_LANGUAGE_STANDARD = gnu11;
				GCC_DYNAMIC_NO_PIC = NO;
				GCC_NO_COMMON_BLOCKS = YES;
				GCC_OPTIMIZATION_LEVEL = 0;
				GCC_PREPROCESSOR_DEFINITIONS = (
					"DEBUG=1",
					"$(inherited)",
				);
				GCC_WARN_64_TO_32_BIT_CONVERSION = YES;
				GCC_WARN_ABOUT_RETURN_TYPE = YES_ERROR;
				GCC_WARN_UNDECLARED_SELECTOR = YES;
				GCC_WARN_UNINITIALIZED_AUTOS = YES_AGGRESSIVE;
				GCC_WARN_UNUSED_FUNCTION = YES;
				GCC_WARN_UNUSED_VARIABLE = YES;
				IPHONEOS_DEPLOYMENT_TARGET = 11.2;
				MTL_ENABLE_DEBUG_INFO = YES;
				ONLY_ACTIVE_ARCH = YES;
				SDKROOT = iphoneos;
				SWIFT_ACTIVE_COMPILATION_CONDITIONS = DEBUG;
				SWIFT_OPTIMIZATION_LEVEL = "-Onone";
			};
			name = Debug;
		};
		4BD6CDE4209949D500249186 /* Release */ = {
			isa = XCBuildConfiguration;
			buildSettings = {
				ALWAYS_SEARCH_USER_PATHS = NO;
				CLANG_ANALYZER_NONNULL = YES;
				CLANG_ANALYZER_NUMBER_OBJECT_CONVERSION = YES_AGGRESSIVE;
				CLANG_CXX_LANGUAGE_STANDARD = "gnu++14";
				CLANG_CXX_LIBRARY = "libc++";
				CLANG_ENABLE_MODULES = YES;
				CLANG_ENABLE_OBJC_ARC = YES;
				CLANG_WARN_BLOCK_CAPTURE_AUTORELEASING = YES;
				CLANG_WARN_BOOL_CONVERSION = YES;
				CLANG_WARN_COMMA = YES;
				CLANG_WARN_CONSTANT_CONVERSION = YES;
				CLANG_WARN_DIRECT_OBJC_ISA_USAGE = YES_ERROR;
				CLANG_WARN_DOCUMENTATION_COMMENTS = YES;
				CLANG_WARN_EMPTY_BODY = YES;
				CLANG_WARN_ENUM_CONVERSION = YES;
				CLANG_WARN_INFINITE_RECURSION = YES;
				CLANG_WARN_INT_CONVERSION = YES;
				CLANG_WARN_NON_LITERAL_NULL_CONVERSION = YES;
				CLANG_WARN_OBJC_LITERAL_CONVERSION = YES;
				CLANG_WARN_OBJC_ROOT_CLASS = YES_ERROR;
				CLANG_WARN_RANGE_LOOP_ANALYSIS = YES;
				CLANG_WARN_STRICT_PROTOTYPES = YES;
				CLANG_WARN_SUSPICIOUS_MOVE = YES;
				CLANG_WARN_UNGUARDED_AVAILABILITY = YES_AGGRESSIVE;
				CLANG_WARN_UNREACHABLE_CODE = YES;
				CLANG_WARN__DUPLICATE_METHOD_MATCH = YES;
				CODE_SIGN_IDENTITY = "iPhone Developer";
				COPY_PHASE_STRIP = NO;
				DEBUG_INFORMATION_FORMAT = "dwarf-with-dsym";
				ENABLE_NS_ASSERTIONS = NO;
				ENABLE_STRICT_OBJC_MSGSEND = YES;
				GCC_C_LANGUAGE_STANDARD = gnu11;
				GCC_NO_COMMON_BLOCKS = YES;
				GCC_WARN_64_TO_32_BIT_CONVERSION = YES;
				GCC_WARN_ABOUT_RETURN_TYPE = YES_ERROR;
				GCC_WARN_UNDECLARED_SELECTOR = YES;
				GCC_WARN_UNINITIALIZED_AUTOS = YES_AGGRESSIVE;
				GCC_WARN_UNUSED_FUNCTION = YES;
				GCC_WARN_UNUSED_VARIABLE = YES;
				IPHONEOS_DEPLOYMENT_TARGET = 11.2;
				MTL_ENABLE_DEBUG_INFO = NO;
				SDKROOT = iphoneos;
				SWIFT_OPTIMIZATION_LEVEL = "-Owholemodule";
				VALIDATE_PRODUCT = YES;
			};
			name = Release;
		};
		4BD6CDE6209949D500249186 /* Debug */ = {
			isa = XCBuildConfiguration;
			buildSettings = {
				ASSETCATALOG_COMPILER_APPICON_NAME = AppIcon;
				CODE_SIGN_STYLE = Automatic;
				DEVELOPMENT_TEAM = T6YZDSFXYJ;
				INFOPLIST_FILE = "Connect Four/Info.plist";
				LD_RUNPATH_SEARCH_PATHS = "$(inherited) @executable_path/Frameworks";
				PRODUCT_BUNDLE_IDENTIFIER = "user.sullivanmichael57.Connect-Four";
				PRODUCT_NAME = "$(TARGET_NAME)";
				SWIFT_VERSION = 4.0;
				TARGETED_DEVICE_FAMILY = "1,2";
			};
			name = Debug;
		};
		4BD6CDE7209949D500249186 /* Release */ = {
			isa = XCBuildConfiguration;
			buildSettings = {
				ASSETCATALOG_COMPILER_APPICON_NAME = AppIcon;
				CODE_SIGN_STYLE = Automatic;
				DEVELOPMENT_TEAM = T6YZDSFXYJ;
				INFOPLIST_FILE = "Connect Four/Info.plist";
				LD_RUNPATH_SEARCH_PATHS = "$(inherited) @executable_path/Frameworks";
				PRODUCT_BUNDLE_IDENTIFIER = "user.sullivanmichael57.Connect-Four";
				PRODUCT_NAME = "$(TARGET_NAME)";
				SWIFT_VERSION = 4.0;
				TARGETED_DEVICE_FAMILY = "1,2";
			};
			name = Release;
		};
		4BD6CDE9209949D500249186 /* Debug */ = {
			isa = XCBuildConfiguration;
			buildSettings = {
				ALWAYS_EMBED_SWIFT_STANDARD_LIBRARIES = YES;
				BUNDLE_LOADER = "$(TEST_HOST)";
				CODE_SIGN_STYLE = Automatic;
				INFOPLIST_FILE = "Connect FourTests/Info.plist";
				LD_RUNPATH_SEARCH_PATHS = "$(inherited) @executable_path/Frameworks @loader_path/Frameworks";
				PRODUCT_BUNDLE_IDENTIFIER = "user.sullivanmichael57.Connect-FourTests";
				PRODUCT_NAME = "$(TARGET_NAME)";
				SWIFT_VERSION = 4.0;
				TARGETED_DEVICE_FAMILY = "1,2";
				TEST_HOST = "$(BUILT_PRODUCTS_DIR)/Connect Four.app/Connect Four";
			};
			name = Debug;
		};
		4BD6CDEA209949D500249186 /* Release */ = {
			isa = XCBuildConfiguration;
			buildSettings = {
				ALWAYS_EMBED_SWIFT_STANDARD_LIBRARIES = YES;
				BUNDLE_LOADER = "$(TEST_HOST)";
				CODE_SIGN_STYLE = Automatic;
				INFOPLIST_FILE = "Connect FourTests/Info.plist";
				LD_RUNPATH_SEARCH_PATHS = "$(inherited) @executable_path/Frameworks @loader_path/Frameworks";
				PRODUCT_BUNDLE_IDENTIFIER = "user.sullivanmichael57.Connect-FourTests";
				PRODUCT_NAME = "$(TARGET_NAME)";
				SWIFT_VERSION = 4.0;
				TARGETED_DEVICE_FAMILY = "1,2";
				TEST_HOST = "$(BUILT_PRODUCTS_DIR)/Connect Four.app/Connect Four";
			};
			name = Release;
		};
		4BD6CDEC209949D500249186 /* Debug */ = {
			isa = XCBuildConfiguration;
			buildSettings = {
				ALWAYS_EMBED_SWIFT_STANDARD_LIBRARIES = YES;
				CODE_SIGN_STYLE = Automatic;
				INFOPLIST_FILE = "Connect FourUITests/Info.plist";
				LD_RUNPATH_SEARCH_PATHS = "$(inherited) @executable_path/Frameworks @loader_path/Frameworks";
				PRODUCT_BUNDLE_IDENTIFIER = "user.sullivanmichael57.Connect-FourUITests";
				PRODUCT_NAME = "$(TARGET_NAME)";
				SWIFT_VERSION = 4.0;
				TARGETED_DEVICE_FAMILY = "1,2";
				TEST_TARGET_NAME = "Connect Four";
			};
			name = Debug;
		};
		4BD6CDED209949D500249186 /* Release */ = {
			isa = XCBuildConfiguration;
			buildSettings = {
				ALWAYS_EMBED_SWIFT_STANDARD_LIBRARIES = YES;
				CODE_SIGN_STYLE = Automatic;
				INFOPLIST_FILE = "Connect FourUITests/Info.plist";
				LD_RUNPATH_SEARCH_PATHS = "$(inherited) @executable_path/Frameworks @loader_path/Frameworks";
				PRODUCT_BUNDLE_IDENTIFIER = "user.sullivanmichael57.Connect-FourUITests";
				PRODUCT_NAME = "$(TARGET_NAME)";
				SWIFT_VERSION = 4.0;
				TARGETED_DEVICE_FAMILY = "1,2";
				TEST_TARGET_NAME = "Connect Four";
			};
			name = Release;
		};
/* End XCBuildConfiguration section */

/* Begin XCConfigurationList section */
		4BD6CDB8209949D500249186 /* Build configuration list for PBXProject "Connect Four" */ = {
			isa = XCConfigurationList;
			buildConfigurations = (
				4BD6CDE3209949D500249186 /* Debug */,
				4BD6CDE4209949D500249186 /* Release */,
			);
			defaultConfigurationIsVisible = 0;
			defaultConfigurationName = Release;
		};
		4BD6CDE5209949D500249186 /* Build configuration list for PBXNativeTarget "Connect Four" */ = {
			isa = XCConfigurationList;
			buildConfigurations = (
				4BD6CDE6209949D500249186 /* Debug */,
				4BD6CDE7209949D500249186 /* Release */,
			);
			defaultConfigurationIsVisible = 0;
			defaultConfigurationName = Release;
		};
		4BD6CDE8209949D500249186 /* Build configuration list for PBXNativeTarget "Connect FourTests" */ = {
			isa = XCConfigurationList;
			buildConfigurations = (
				4BD6CDE9209949D500249186 /* Debug */,
				4BD6CDEA209949D500249186 /* Release */,
			);
			defaultConfigurationIsVisible = 0;
			defaultConfigurationName = Release;
		};
		4BD6CDEB209949D500249186 /* Build configuration list for PBXNativeTarget "Connect FourUITests" */ = {
			isa = XCConfigurationList;
			buildConfigurations = (
				4BD6CDEC209949D500249186 /* Debug */,
				4BD6CDED209949D500249186 /* Release */,
			);
			defaultConfigurationIsVisible = 0;
			defaultConfigurationName = Release;
		};
/* End XCConfigurationList section */
	};
	rootObject = 4BD6CDB5209949D500249186 /* Project object */;
}
